FORGE
  remote: https://forgeapi.puppetlabs.com
  specs:
    treydock-gpg_key (0.0.3)

GIT
  remote: git://github.com/puppet-community/puppet-nodejs.git
  ref: master
  sha: 4aaefa68ec51d2db81f9ff4894b8b60e1e3cca0c
  specs:
    puppet-nodejs (2.3.0)
      puppetlabs-stdlib (< 5.0.0, >= 4.6.0)

GIT
  remote: git://github.com/puppetlabs/puppetlabs-apt.git
  ref: master
  sha: 61804c0324d2bb30054dd60d93d9f13109c6f21d
  specs:
    puppetlabs-apt (2.1.1)
      puppetlabs-stdlib (< 5.0.0, >= 4.5.0)

GIT
  remote: git://github.com/puppetlabs/puppetlabs-stdlib.git
  ref: master
  sha: 1ae06c50acc89be4dea28b6e85b5a23f479f584e
  specs:
    puppetlabs-stdlib (4.16.0)

GIT
  remote: git://github.com/stahnma/puppet-module-epel.git
  ref: master
  sha: 9c8bfd5906c3d5f3104ad5dfc329dc0d4f691912
  specs:
    stahnma-epel (1.3.0)
